
Microsoft Visual Studio Solution File, Format Version 12.00
# Visual Studio Version 16
VisualStudioVersion = 16.0.29911.84
MinimumVisualStudioVersion = 10.0.40219.1
Project("{FAE04EC0-301F-11D3-BF4B-00C04F79EFBC}") = "Async-Inn-Front-End", "Async-Inn-Front-End.csproj", "{93FF0723-638B-47A6-B4AF-CD3745991808}"
EndProject
Global
	GlobalSection(SolutionConfigurationPlatforms) = preSolution
		Debug|Any CPU = Debug|Any CPU
		Release|Any CPU = Release|Any CPU
	EndGlobalSection
	GlobalSection(ProjectConfigurationPlatforms) = postSolution
		{93FF0723-638B-47A6-B4AF-CD3745991808}.Debug|Any CPU.ActiveCfg = Debug|Any CPU
		{93FF0723-638B-47A6-B4AF-CD3745991808}.Debug|Any CPU.Build.0 = Debug|Any CPU
		{93FF0723-638B-47A6-B4AF-CD3745991808}.Release|Any CPU.ActiveCfg = Release|Any CPU
		{93FF0723-638B-47A6-B4AF-CD3745991808}.Release|Any CPU.Build.0 = Release|Any CPU
	EndGlobalSection
	GlobalSection(SolutionProperties) = preSolution
		HideSolutionNode = FALSE
	EndGlobalSection
	GlobalSection(ExtensibilityGlobals) = postSolution
		SolutionGuid = {FE406C53-3374-4306-8AF1-801CBFBDC310}
	EndGlobalSection
EndGlobal
